github.com/jsonicjs/jsonic/go v0.1.6 h1:oUw4vxCK6tqa7SGN87vjCtx3sCpeHXdqfl25hx5LKP0=
github.com/jsonicjs/jsonic/go v0.1.6/go.mod h1:ObNKlCG7esWoi4AHCpdgkILvPINV8bpvkbCd4llGGUg=
github.com/jsonicjs/jsonic/go v0.1.7 h1:OT2X0WO6LpsueskatBqUFStiytMHk7ryyprta/ckzGM=
github.com/jsonicjs/jsonic/go v0.1.7/go.mod h1:ObNKlCG7esWoi4AHCpdgkILvPINV8bpvkbCd4llGGUg=
github.com/jsonicjs/jsonic/go v0.1.8 h1:OPV/Onzf3zTVgIiIHIKZg5RQhnZP03FsF2/WB2Tpeg0=
github.com/jsonicjs/jsonic/go v0.1.8/go.mod h1:ObNKlCG7esWoi4AHCpdgkILvPINV8bpvkbCd4llGGUg=
github.com/jsonicjs/jsonic/go v0.1.9 h1:BYnECqYtl4viLSpmiptCehmjfLJLtSJNoncPhjmkKZw=
github.com/jsonicjs/jsonic/go v0.1.9/go.mod h1:ObNKlCG7esWoi4AHCpdgkILvPINV8bpvkbCd4llGGUg=
github.com/jsonicjs/jsonic/go v0.1.10 h1:gNKxhhkq2r+sLX5MuOcjsiPBp82xDLHNh0CTnE3fIaM=
github.com/jsonicjs/jsonic/go v0.1.10/go.mod h1:ObNKlCG7esWoi4AHCpdgkILvPINV8bpvkbCd4llGGUg=
github.com/jsonicjs/jsonic/go v0.1.11 h1:XyrZ1umKZJoj31O+u1boifPxNpgV0JOVZGGhgDSU4WA=
github.com/jsonicjs/jsonic/go v0.1.11/go.mod h1:ObNKlCG7esWoi4AHCpdgkILvPINV8bpvkbCd4llGGUg=
github.com/jsonicjs/jsonic/go v0.1.12 h1:Cr0Lf3jAvgEGXJHxvOmL0xykF7SlTmPG9xrh0bmd5Kg=
github.com/jsonicjs/jsonic/go v0.1.12/go.mod h1:ObNKlCG7esWoi4AHCpdgkILvPINV8bpvkbCd4llGGUg=
github.com/jsonicjs/jsonic/go v0.1.13 h1:1c6S2I5eTBwcQuiOKX757ncekt5D6foErLftxA1LZ2U=
github.com/jsonicjs/jsonic/go v0.1.13/go.mod h1:ObNKlCG7esWoi4AHCpdgkILvPINV8bpvkbCd4llGGUg=
github.com/jsonicjs/jsonic/go v0.1.14 h1:RLbujFvSi4n/oOkEMDx/r0mb324oUv8KLdILm+sGKyc=
github.com/jsonicjs/jsonic/go v0.1.14/go.mod h1:ObNKlCG7esWoi4AHCpdgkILvPINV8bpvkbCd4llGGUg=
github.com/jsonicjs/jsonic/go v0.1.15 h1:gky2G3ZYM12+7R4TgQNKaM42C33DDdtRs4xdde/PKqU=
github.com/jsonicjs/jsonic/go v0.1.15/go.mod h1:ObNKlCG7esWoi4AHCpdgkILvPINV8bpvkbCd4llGGUg=
github.com/jsonicjs/jsonic/go v0.1.18 h1:OW15hjFisrw2n7HE6zDuQAikW8A5NUW8OyP4SCG2oFg=
github.com/jsonicjs/jsonic/go v0.1.18/go.mod h1:ObNKlCG7esWoi4AHCpdgkILvPINV8bpvkbCd4llGGUg=
github.com/jsonicjs/jsonic/go v0.1.19-0.20260418194431-54100be22847 h1:+utFlbRO7upKu+DLO9tjUzWHacbxwsyiuFcCkylV3IA=
github.com/jsonicjs/jsonic/go v0.1.19-0.20260418194431-54100be22847/go.mod h1:ObNKlCG7esWoi4AHCpdgkILvPINV8bpvkbCd4llGGUg=
github.com/jsonicjs/jsonic/go v0.1.19 h1:jEP+GSxMGKV+eTJEjuU0qRMUQ8GAIl1SRigc+mbZzVo=
github.com/jsonicjs/jsonic/go v0.1.19/go.mod h1:ObNKlCG7esWoi4AHCpdgkILvPINV8bpvkbCd4llGGUg=
